
Microsoft Visual Studio Solution File, Format Version 11.00
# Visual Studio 2010
Project("{92B81AF7-8D03-46D0-9C71-430DAE7A074E}") = "GasDetectionSystem", "GasDetectionSystem\GasDetectionSystem.bproj", "{CA048360-AEC5-4E4F-A1E6-121D5A7F88F8}"
EndProject
Global
	GlobalSection(SolutionConfigurationPlatforms) = preSolution
		Deploy|gnu = Deploy|gnu
		OpenRTM|gnu = OpenRTM|gnu
		Remote|gnu = Remote|gnu
		Run|gnu = Run|gnu
		Simulation|gnu = Simulation|gnu
		Verification|gnu = Verification|gnu
	EndGlobalSection
	GlobalSection(ProjectConfigurationPlatforms) = postSolution
		{CA048360-AEC5-4E4F-A1E6-121D5A7F88F8}.Deploy|gnu.ActiveCfg = Deploy|gnu
		{CA048360-AEC5-4E4F-A1E6-121D5A7F88F8}.Deploy|gnu.Build.0 = Deploy|gnu
		{CA048360-AEC5-4E4F-A1E6-121D5A7F88F8}.OpenRTM|gnu.ActiveCfg = OpenRTM|gnu
		{CA048360-AEC5-4E4F-A1E6-121D5A7F88F8}.OpenRTM|gnu.Build.0 = OpenRTM|gnu
		{CA048360-AEC5-4E4F-A1E6-121D5A7F88F8}.Remote|gnu.ActiveCfg = Remote|gnu
		{CA048360-AEC5-4E4F-A1E6-121D5A7F88F8}.Remote|gnu.Build.0 = Remote|gnu
		{CA048360-AEC5-4E4F-A1E6-121D5A7F88F8}.Run|gnu.ActiveCfg = Run|gnu
		{CA048360-AEC5-4E4F-A1E6-121D5A7F88F8}.Run|gnu.Build.0 = Run|gnu
		{CA048360-AEC5-4E4F-A1E6-121D5A7F88F8}.Simulation|gnu.ActiveCfg = Simulation|gnu
		{CA048360-AEC5-4E4F-A1E6-121D5A7F88F8}.Simulation|gnu.Build.0 = Simulation|gnu
		{CA048360-AEC5-4E4F-A1E6-121D5A7F88F8}.Verification|gnu.ActiveCfg = Verification|gnu
		{CA048360-AEC5-4E4F-A1E6-121D5A7F88F8}.Verification|gnu.Build.0 = Verification|gnu
	EndGlobalSection
	GlobalSection(SolutionProperties) = preSolution
		HideSolutionNode = FALSE
	EndGlobalSection
EndGlobal
